
Microsoft Visual Studio Solution File, Format Version 12.00
# Visual Studio Version 16
VisualStudioVersion = 16.0.31410.357
MinimumVisualStudioVersion = 10.0.40219.1
Project("{9A19103F-16F7-4668-BE54-9A1E7A4F7556}") = "VogCodeChallenge.API", "VogCodeChallenge.API\VogCodeChallenge.API.csproj", "{42486D52-F859-40C7-B0ED-D017C6638566}"
EndProject
Project("{FAE04EC0-301F-11D3-BF4B-00C04F79EFBC}") = "VogCodeChallenge.ConsoleApp", "VogCodeChallenge.ConsoleApp\VogCodeChallenge.ConsoleApp.csproj", "{D715B449-95F5-4488-BA5B-9D901D0E87CA}"
EndProject
Global
	GlobalSection(SolutionConfigurationPlatforms) = preSolution
		Debug|Any CPU = Debug|Any CPU
		Release|Any CPU = Release|Any CPU
	EndGlobalSection
	GlobalSection(ProjectConfigurationPlatforms) = postSolution
		{42486D52-F859-40C7-B0ED-D017C6638566}.Debug|Any CPU.ActiveCfg = Debug|Any CPU
		{42486D52-F859-40C7-B0ED-D017C6638566}.Debug|Any CPU.Build.0 = Debug|Any CPU
		{42486D52-F859-40C7-B0ED-D017C6638566}.Release|Any CPU.ActiveCfg = Release|Any CPU
		{42486D52-F859-40C7-B0ED-D017C6638566}.Release|Any CPU.Build.0 = Release|Any CPU
		{D715B449-95F5-4488-BA5B-9D901D0E87CA}.Debug|Any CPU.ActiveCfg = Debug|Any CPU
		{D715B449-95F5-4488-BA5B-9D901D0E87CA}.Debug|Any CPU.Build.0 = Debug|Any CPU
		{D715B449-95F5-4488-BA5B-9D901D0E87CA}.Release|Any CPU.ActiveCfg = Release|Any CPU
		{D715B449-95F5-4488-BA5B-9D901D0E87CA}.Release|Any CPU.Build.0 = Release|Any CPU
	EndGlobalSection
	GlobalSection(SolutionProperties) = preSolution
		HideSolutionNode = FALSE
	EndGlobalSection
	GlobalSection(ExtensibilityGlobals) = postSolution
		SolutionGuid = {F4C6E512-F4BA-40BD-A1A3-E5C1F23B6D62}
	EndGlobalSection
EndGlobal
